// !$*UTF8*$!
{
	archiveVersion = 1;
	classes = {
	};
	objectVersion = 55;
	objects = {

/* Begin PBXBuildFile section */
		7654825B27F84E1D00214E9E /* SecondScreen.swift in Sources */ = {isa = PBXBuildFile; fileRef = 7654825A27F84E1D00214E9E /* SecondScreen.swift */; };
		76D2263E27F84372009E4575 /* StateObservedObjectApp.swift in Sources */ = {isa = PBXBuildFile; fileRef = 76D2263D27F84372009E4575 /* StateObservedObjectApp.swift */; };
		76D2264227F84373009E4575 /* Assets.xcassets in Resources */ = {isa = PBXBuildFile; fileRef = 76D2264127F84373009E4575 /* Assets.xcassets */; };
		76D2264527F84373009E4575 /* Preview Assets.xcassets in Resources */ = {isa = PBXBuildFile; fileRef = 76D2264427F84373009E4575 /* Preview Assets.xcassets */; };
		76D2264727F84373009E4575 /* Persistence.swift in Sources */ = {isa = PBXBuildFile; fileRef = 76D2264627F84373009E4575 /* Persistence.swift */; };
		76D2264A27F84373009E4575 /* StateObservedObject.xcdatamodeld in Sources */ = {isa = PBXBuildFile; fileRef = 76D2264827F84373009E4575 /* StateObservedObject.xcdatamodeld */; };
		76D2265527F843E1009E4575 /* MainScreen.swift in Sources */ = {isa = PBXBuildFile; fileRef = 76D2265427F843E1009E4575 /* MainScreen.swift */; };
		76D2265827F84484009E4575 /* UserSettings.swift in Sources */ = {isa = PBXBuildFile; fileRef = 76D2265727F84484009E4575 /* UserSettings.swift */; };
/* End PBXBuildFile section */

/* Begin PBXFileReference section */
		7654825A27F84E1D00214E9E /* SecondScreen.swift */ = {isa = PBXFileReference; lastKnownFileType = sourcecode.swift; path = SecondScreen.swift; sourceTree = "<group>"; };
		76D2263A27F84372009E4575 /* StateObservedObject.app */ = {isa = PBXFileReference; explicitFileType = wrapper.application; includeInIndex = 0; path = StateObservedObject.app; sourceTree = BUILT_PRODUCTS_DIR; };
		76D2263D27F84372009E4575 /* StateObservedObjectApp.swift */ = {isa = PBXFileReference; lastKnownFileType = sourcecode.swift; path = StateObservedObjectApp.swift; sourceTree = "<group>"; };
		76D2264127F84373009E4575 /* Assets.xcassets */ = {isa = PBXFileReference; lastKnownFileType = folder.assetcatalog; path = Assets.xcassets; sourceTree = "<group>"; };
		76D2264427F84373009E4575 /* Preview Assets.xcassets */ = {isa = PBXFileReference; lastKnownFileType = folder.assetcatalog; path = "Preview Assets.xcassets"; sourceTree = "<group>"; };
		76D2264627F84373009E4575 /* Persistence.swift */ = {isa = PBXFileReference; lastKnownFileType = sourcecode.swift; path = Persistence.swift; sourceTree = "<group>"; };
		76D2264927F84373009E4575 /* StateObservedObject.xcdatamodel */ = {isa = PBXFileReference; lastKnownFileType = wrapper.xcdatamodel; path = StateObservedObject.xcdatamodel; sourceTree = "<group>"; };
		76D2265427F843E1009E4575 /* MainScreen.swift */ = {isa = PBXFileReference; lastKnownFileType = sourcecode.swift; path = MainScreen.swift; sourceTree = "<group>"; };
		76D2265727F84484009E4575 /* UserSettings.swift */ = {isa = PBXFileReference; lastKnownFileType = sourcecode.swift; path = UserSettings.swift; sourceTree = "<group>"; };
/* End PBXFileReference section */

/* Begin PBXFrameworksBuildPhase section */
		76D2263727F84372009E4575 /* Frameworks */ = {
			isa = PBXFrameworksBuildPhase;
			buildActionMask = 2147483647;
			files = (
			);
			runOnlyForDeploymentPostprocessing = 0;
		};
/* End PBXFrameworksBuildPhase section */

/* Begin PBXGroup section */
		76D2263127F84372009E4575 = {
			isa = PBXGroup;
			children = (
				76D2263C27F84372009E4575 /* StateObservedObject */,
				76D2263B27F84372009E4575 /* Products */,
			);
			sourceTree = "<group>";
		};
		76D2263B27F84372009E4575 /* Products */ = {
			isa = PBXGroup;
			children = (
				76D2263A27F84372009E4575 /* StateObservedObject.app */,
			);
			name = Products;
			sourceTree = "<group>";
		};
		76D2263C27F84372009E4575 /* StateObservedObject */ = {
			isa = PBXGroup;
			children = (
				76D2265627F84454009E4575 /* methods */,
				76D2265127F843B9009E4575 /* screens */,
				76D2265027F84392009E4575 /* apputils */,
				76D2263D27F84372009E4575 /* StateObservedObjectApp.swift */,
				76D2264327F84373009E4575 /* Preview Content */,
			);
			path = StateObservedObject;
			sourceTree = "<group>";
		};
		76D2264327F84373009E4575 /* Preview Content */ = {
			isa = PBXGroup;
			children = (
				76D2264427F84373009E4575 /* Preview Assets.xcassets */,
			);
			path = "Preview Content";
			sourceTree = "<group>";
		};
		76D2265027F84392009E4575 /* apputils */ = {
			isa = PBXGroup;
			children = (
				76D2264627F84373009E4575 /* Persistence.swift */,
				76D2264127F84373009E4575 /* Assets.xcassets */,
				76D2264827F84373009E4575 /* StateObservedObject.xcdatamodeld */,
			);
			path = apputils;
			sourceTree = "<group>";
		};
		76D2265127F843B9009E4575 /* screens */ = {
			isa = PBXGroup;
			children = (
				76D2265427F843E1009E4575 /* MainScreen.swift */,
				7654825A27F84E1D00214E9E /* SecondScreen.swift */,
			);
			path = screens;
			sourceTree = "<group>";
		};
		76D2265627F84454009E4575 /* methods */ = {
			isa = PBXGroup;
			children = (
				76D2265727F84484009E4575 /* UserSettings.swift */,
			);
			path = methods;
			sourceTree = "<group>";
		};
/* End PBXGroup section */

/* Begin PBXNativeTarget section */
		76D2263927F84372009E4575 /* StateObservedObject */ = {
			isa = PBXNativeTarget;
			buildConfigurationList = 76D2264D27F84373009E4575 /* Build configuration list for PBXNativeTarget "StateObservedObject" */;
			buildPhases = (
				76D2263627F84372009E4575 /* Sources */,
				76D2263727F84372009E4575 /* Frameworks */,
				76D2263827F84372009E4575 /* Resources */,
			);
			buildRules = (
			);
			dependencies = (
			);
			name = StateObservedObject;
			productName = StateObservedObject;
			productReference = 76D2263A27F84372009E4575 /* StateObservedObject.app */;
			productType = "com.apple.product-type.application";
		};
/* End PBXNativeTarget section */

/* Begin PBXProject section */
		76D2263227F84372009E4575 /* Project object */ = {
			isa = PBXProject;
			attributes = {
				BuildIndependentTargetsInParallel = 1;
				LastSwiftUpdateCheck = 1320;
				LastUpgradeCheck = 1320;
				TargetAttributes = {
					76D2263927F84372009E4575 = {
						CreatedOnToolsVersion = 13.2.1;
					};
				};
			};
			buildConfigurationList = 76D2263527F84372009E4575 /* Build configuration list for PBXProject "StateObservedObject" */;
			compatibilityVersion = "Xcode 13.0";
			developmentRegion = en;
			hasScannedForEncodings = 0;
			knownRegions = (
				en,
				Base,
			);
			mainGroup = 76D2263127F84372009E4575;
			productRefGroup = 76D2263B27F84372009E4575 /* Products */;
			projectDirPath = "";
			projectRoot = "";
			targets = (
				76D2263927F84372009E4575 /* StateObservedObject */,
			);
		};
/* End PBXProject section */

/* Begin PBXResourcesBuildPhase section */
		76D2263827F84372009E4575 /* Resources */ = {
			isa = PBXResourcesBuildPhase;
			buildActionMask = 2147483647;
			files = (
				76D2264527F84373009E4575 /* Preview Assets.xcassets in Resources */,
				76D2264227F84373009E4575 /* Assets.xcassets in Resources */,
			);
			runOnlyForDeploymentPostprocessing = 0;
		};
/* End PBXResourcesBuildPhase section */

/* Begin PBXSourcesBuildPhase section */
		76D2263627F84372009E4575 /* Sources */ = {
			isa = PBXSourcesBuildPhase;
			buildActionMask = 2147483647;
			files = (
				76D2265527F843E1009E4575 /* MainScreen.swift in Sources */,
				76D2264A27F84373009E4575 /* StateObservedObject.xcdatamodeld in Sources */,
				76D2264727F84373009E4575 /* Persistence.swift in Sources */,
				76D2265827F84484009E4575 /* UserSettings.swift in Sources */,
				76D2263E27F84372009E4575 /* StateObservedObjectApp.swift in Sources */,
				7654825B27F84E1D00214E9E /* SecondScreen.swift in Sources */,
			);
			runOnlyForDeploymentPostprocessing = 0;
		};
/* End PBXSourcesBuildPhase section */

/* Begin XCBuildConfiguration section */
		76D2264B27F84373009E4575 /* Debug */ = {
			isa = XCBuildConfiguration;
			buildSettings = {
				ALWAYS_SEARCH_USER_PATHS = NO;
				CLANG_ANALYZER_NONNULL = YES;
				CLANG_ANALYZER_NUMBER_OBJECT_CONVERSION = YES_AGGRESSIVE;
				CLANG_CXX_LANGUAGE_STANDARD = "gnu++17";
				CLANG_CXX_LIBRARY = "libc++";
				CLANG_ENABLE_MODULES = YES;
				CLANG_ENABLE_OBJC_ARC = YES;
				CLANG_ENABLE_OBJC_WEAK = YES;
				CLANG_WARN_BLOCK_CAPTURE_AUTORELEASING = YES;
				CLANG_WARN_BOOL_CONVERSION = YES;
				CLANG_WARN_COMMA = YES;
				CLANG_WARN_CONSTANT_CONVERSION = YES;
				CLANG_WARN_DEPRECATED_OBJC_IMPLEMENTATIONS = YES;
				CLANG_WARN_DIRECT_OBJC_ISA_USAGE = YES_ERROR;
				CLANG_WARN_DOCUMENTATION_COMMENTS = YES;
				CLANG_WARN_EMPTY_BODY = YES;
				CLANG_WARN_ENUM_CONVERSION = YES;
				CLANG_WARN_INFINITE_RECURSION = YES;
				CLANG_WARN_INT_CONVERSION = YES;
				CLANG_WARN_NON_LITERAL_NULL_CONVERSION = YES;
				CLANG_WARN_OBJC_IMPLICIT_RETAIN_SELF = YES;
				CLANG_WARN_OBJC_LITERAL_CONVERSION = YES;
				CLANG_WARN_OBJC_ROOT_CLASS = YES_ERROR;
				CLANG_WARN_QUOTED_INCLUDE_IN_FRAMEWORK_HEADER = YES;
				CLANG_WARN_RANGE_LOOP_ANALYSIS = YES;
				CLANG_WARN_STRICT_PROTOTYPES = YES;
				CLANG_WARN_SUSPICIOUS_MOVE = YES;
				CLANG_WARN_UNGUARDED_AVAILABILITY = YES_AGGRESSIVE;
				CLANG_WARN_UNREACHABLE_CODE = YES;
				CLANG_WARN__DUPLICATE_METHOD_MATCH = YES;
				COPY_PHASE_STRIP = NO;
				DEBUG_INFORMATION_FORMAT = dwarf;
				ENABLE_STRICT_OBJC_MSGSEND = YES;
				ENABLE_TESTABILITY = YES;
				GCC_C_LANGUAGE_STANDARD = gnu11;
				GCC_DYNAMIC_NO_PIC = NO;
				GCC_NO_COMMON_BLOCKS = YES;
				GCC_OPTIMIZATION_LEVEL = 0;
				GCC_PREPROCESSOR_DEFINITIONS = (
					"DEBUG=1",
					"$(inherited)",
				);
				GCC_WARN_64_TO_32_BIT_CONVERSION = YES;
				GCC_WARN_ABOUT_RETURN_TYPE = YES_ERROR;
				GCC_WARN_UNDECLARED_SELECTOR = YES;
				GCC_WARN_UNINITIALIZED_AUTOS = YES_AGGRESSIVE;
				GCC_WARN_UNUSED_FUNCTION = YES;
				GCC_WARN_UNUSED_VARIABLE = YES;
				IPHONEOS_DEPLOYMENT_TARGET = 15.2;
				MTL_ENABLE_DEBUG_INFO = INCLUDE_SOURCE;
				MTL_FAST_MATH = YES;
				ONLY_ACTIVE_ARCH = YES;
				SDKROOT = iphoneos;
				SWIFT_ACTIVE_COMPILATION_CONDITIONS = DEBUG;
				SWIFT_OPTIMIZATION_LEVEL = "-Onone";
			};
			name = Debug;
		};
		76D2264C27F84373009E4575 /* Release */ = {
			isa = XCBuildConfiguration;
			buildSettings = {
				ALWAYS_SEARCH_USER_PATHS = NO;
				CLANG_ANALYZER_NONNULL = YES;
				CLANG_ANALYZER_NUMBER_OBJECT_CONVERSION = YES_AGGRESSIVE;
				CLANG_CXX_LANGUAGE_STANDARD = "gnu++17";
				CLANG_CXX_LIBRARY = "libc++";
				CLANG_ENABLE_MODULES = YES;
				CLANG_ENABLE_OBJC_ARC = YES;
				CLANG_ENABLE_OBJC_WEAK = YES;
				CLANG_WARN_BLOCK_CAPTURE_AUTORELEASING = YES;
				CLANG_WARN_BOOL_CONVERSION = YES;
				CLANG_WARN_COMMA = YES;
				CLANG_WARN_CONSTANT_CONVERSION = YES;
				CLANG_WARN_DEPRECATED_OBJC_IMPLEMENTATIONS = YES;
				CLANG_WARN_DIRECT_OBJC_ISA_USAGE = YES_ERROR;
				CLANG_WARN_DOCUMENTATION_COMMENTS = YES;
				CLANG_WARN_EMPTY_BODY = YES;
				CLANG_WARN_ENUM_CONVERSION = YES;
				CLANG_WARN_INFINITE_RECURSION = YES;
				CLANG_WARN_INT_CONVERSION = YES;
				CLANG_WARN_NON_LITERAL_NULL_CONVERSION = YES;
				CLANG_WARN_OBJC_IMPLICIT_RETAIN_SELF = YES;
				CLANG_WARN_OBJC_LITERAL_CONVERSION = YES;
				CLANG_WARN_OBJC_ROOT_CLASS = YES_ERROR;
				CLANG_WARN_QUOTED_INCLUDE_IN_FRAMEWORK_HEADER = YES;
				CLANG_WARN_RANGE_LOOP_ANALYSIS = YES;
				CLANG_WARN_STRICT_PROTOTYPES = YES;
				CLANG_WARN_SUSPICIOUS_MOVE = YES;
				CLANG_WARN_UNGUARDED_AVAILABILITY = YES_AGGRESSIVE;
				CLANG_WARN_UNREACHABLE_CODE = YES;
				CLANG_WARN__DUPLICATE_METHOD_MATCH = YES;
				COPY_PHASE_STRIP = NO;
				DEBUG_INFORMATION_FORMAT = "dwarf-with-dsym";
				ENABLE_NS_ASSERTIONS = NO;
				ENABLE_STRICT_OBJC_MSGSEND = YES;
				GCC_C_LANGUAGE_STANDARD = gnu11;
				GCC_NO_COMMON_BLOCKS = YES;
				GCC_WARN_64_TO_32_BIT_CONVERSION = YES;
				GCC_WARN_ABOUT_RETURN_TYPE = YES_ERROR;
				GCC_WARN_UNDECLARED_SELECTOR = YES;
				GCC_WARN_UNINITIALIZED_AUTOS = YES_AGGRESSIVE;
				GCC_WARN_UNUSED_FUNCTION = YES;
				GCC_WARN_UNUSED_VARIABLE = YES;
				IPHONEOS_DEPLOYMENT_TARGET = 15.2;
				MTL_ENABLE_DEBUG_INFO = NO;
				MTL_FAST_MATH = YES;
				SDKROOT = iphoneos;
				SWIFT_COMPILATION_MODE = wholemodule;
				SWIFT_OPTIMIZATION_LEVEL = "-O";
				VALIDATE_PRODUCT = YES;
			};
			name = Release;
		};
		76D2264E27F84373009E4575 /* Debug */ = {
			isa = XCBuildConfiguration;
			buildSettings = {
				ASSETCATALOG_COMPILER_APPICON_NAME = AppIcon;
				ASSETCATALOG_COMPILER_GLOBAL_ACCENT_COLOR_NAME = AccentColor;
				CODE_SIGN_STYLE = Automatic;
				CURRENT_PROJECT_VERSION = 1;
				DEVELOPMENT_ASSET_PATHS = "\"StateObservedObject/Preview Content\"";
				ENABLE_PREVIEWS = YES;
				GENERATE_INFOPLIST_FILE = YES;
				INFOPLIST_KEY_UIApplicationSceneManifest_Generation = YES;
				INFOPLIST_KEY_UIApplicationSupportsIndirectInputEvents = YES;
				INFOPLIST_KEY_UILaunchScreen_Generation = YES;
				INFOPLIST_KEY_UISupportedInterfaceOrientations_iPad = "UIInterfaceOrientationPortrait UIInterfaceOrientationPortraitUpsideDown UIInterfaceOrientationLandscapeLeft UIInterfaceOrientationLandscapeRight";
				INFOPLIST_KEY_UISupportedInterfaceOrientations_iPhone = "UIInterfaceOrientationPortrait UIInterfaceOrientationLandscapeLeft UIInterfaceOrientationLandscapeRight";
				LD_RUNPATH_SEARCH_PATHS = (
					"$(inherited)",
					"@executable_path/Frameworks",
				);
				MARKETING_VERSION = 1.0;
				PRODUCT_BUNDLE_IDENTIFIER = cpp.StateObservedObject;
				PRODUCT_NAME = "$(TARGET_NAME)";
				SWIFT_EMIT_LOC_STRINGS = YES;
				SWIFT_VERSION = 5.0;
				TARGETED_DEVICE_FAMILY = "1,2";
			};
			name = Debug;
		};
		76D2264F27F84373009E4575 /* Release */ = {
			isa = XCBuildConfiguration;
			buildSettings = {
				ASSETCATALOG_COMPILER_APPICON_NAME = AppIcon;
				ASSETCATALOG_COMPILER_GLOBAL_ACCENT_COLOR_NAME = AccentColor;
				CODE_SIGN_STYLE = Automatic;
				CURRENT_PROJECT_VERSION = 1;
				DEVELOPMENT_ASSET_PATHS = "\"StateObservedObject/Preview Content\"";
				ENABLE_PREVIEWS = YES;
				GENERATE_INFOPLIST_FILE = YES;
				INFOPLIST_KEY_UIApplicationSceneManifest_Generation = YES;
				INFOPLIST_KEY_UIApplicationSupportsIndirectInputEvents = YES;
				INFOPLIST_KEY_UILaunchScreen_Generation = YES;
				INFOPLIST_KEY_UISupportedInterfaceOrientations_iPad = "UIInterfaceOrientationPortrait UIInterfaceOrientationPortraitUpsideDown UIInterfaceOrientationLandscapeLeft UIInterfaceOrientationLandscapeRight";
				INFOPLIST_KEY_UISupportedInterfaceOrientations_iPhone = "UIInterfaceOrientationPortrait UIInterfaceOrientationLandscapeLeft UIInterfaceOrientationLandscapeRight";
				LD_RUNPATH_SEARCH_PATHS = (
					"$(inherited)",
					"@executable_path/Frameworks",
				);
				MARKETING_VERSION = 1.0;
				PRODUCT_BUNDLE_IDENTIFIER = cpp.StateObservedObject;
				PRODUCT_NAME = "$(TARGET_NAME)";
				SWIFT_EMIT_LOC_STRINGS = YES;
				SWIFT_VERSION = 5.0;
				TARGETED_DEVICE_FAMILY = "1,2";
			};
			name = Release;
		};
/* End XCBuildConfiguration section */

/* Begin XCConfigurationList section */
		76D2263527F84372009E4575 /* Build configuration list for PBXProject "StateObservedObject" */ = {
			isa = XCConfigurationList;
			buildConfigurations = (
				76D2264B27F84373009E4575 /* Debug */,
				76D2264C27F84373009E4575 /* Release */,
			);
			defaultConfigurationIsVisible = 0;
			defaultConfigurationName = Release;
		};
		76D2264D27F84373009E4575 /* Build configuration list for PBXNativeTarget "StateObservedObject" */ = {
			isa = XCConfigurationList;
			buildConfigurations = (
				76D2264E27F84373009E4575 /* Debug */,
				76D2264F27F84373009E4575 /* Release */,
			);
			defaultConfigurationIsVisible = 0;
			defaultConfigurationName = Release;
		};
/* End XCConfigurationList section */

/* Begin XCVersionGroup section */
		76D2264827F84373009E4575 /* StateObservedObject.xcdatamodeld */ = {
			isa = XCVersionGroup;
			children = (
				76D2264927F84373009E4575 /* StateObservedObject.xcdatamodel */,
			);
			currentVersion = 76D2264927F84373009E4575 /* StateObservedObject.xcdatamodel */;
			path = StateObservedObject.xcdatamodeld;
			sourceTree = "<group>";
			versionGroupType = wrapper.xcdatamodel;
		};
/* End XCVersionGroup section */
	};
	rootObject = 76D2263227F84372009E4575 /* Project object */;
}
